
Microsoft Visual Studio Solution File, Format Version 12.00
# Visual Studio 2015
Project("{FAE04EC0-301F-11D3-BF4B-00C04F79EFBC}") = "Red Ball.CSharp", "Red Ball.CSharp.csproj", "{2B0D0828-0DD7-6AA0-69FC-9288007A190D}"
EndProject
Global
	GlobalSection(SolutionConfigurationPlatforms) = preSolution
		Debug|Any CPU = Debug|Any CPU
		Release|Any CPU = Release|Any CPU
	EndGlobalSection
	GlobalSection(ProjectConfigurationPlatforms) = postSolution
		{2B0D0828-0DD7-6AA0-69FC-9288007A190D}.Debug|Any CPU.ActiveCfg = Debug|Any CPU
		{2B0D0828-0DD7-6AA0-69FC-9288007A190D}.Debug|Any CPU.Build.0 = Debug|Any CPU
		{2B0D0828-0DD7-6AA0-69FC-9288007A190D}.Release|Any CPU.ActiveCfg = Release|Any CPU
		{2B0D0828-0DD7-6AA0-69FC-9288007A190D}.Release|Any CPU.Build.0 = Release|Any CPU
	EndGlobalSection
	GlobalSection(SolutionProperties) = preSolution
		HideSolutionNode = FALSE
	EndGlobalSection
EndGlobal
